{
  "name": "@yarn-monorepo/app2",
  "version": "1.0.0",
  "lockfileVersion": 3,
  "requires": true,
  "packages": {
    "": {
      "name": "@yarn-monorepo/app2",
      "version": "1.0.0",
      "dependencies": {
        "lodash": "^4.17.21",
        "typescript": "^5.3.3",
        "@types/lodash": "^4.14.202",
        "@types/node": "^20.11.19",
        "angular": "^17.2.0",
        "rxjs": "^7.8.1"
      }
    },
    "node_modules/lodash": {
      "version": "4.17.21",
      "resolved": "https://registry.npmjs.org/lodash/-/lodash-4.17.21.tgz",
      "integrity": "sha512-bG9kYXNoXjQuMTcuMjE=",
      "dependencies": {}
    },
    "node_modules/typescript": {
      "version": "5.3.3",
      "resolved": "https://registry.npmjs.org/typescript/-/typescript-5.3.3.tgz",
      "integrity": "sha512-dHlwZXNjcmlwdF41LjMuMw==",
      "dependencies": {}
    },
    "node_modules/@types/lodash": {
      "version": "4.14.202",
      "resolved": "https://registry.npmjs.org/@types/lodash/-/@types/lodash-4.14.202.tgz",
      "integrity": "sha512-QHR5cGVzL2xvZGFzaF40LjE0LjIwMg==",
      "dependencies": {}
    },
    "node_modules/@types/node": {
      "version": "20.11.19",
      "resolved": "https://registry.npmjs.org/@types/node/-/@types/node-20.11.19.tgz",
      "integrity": "sha512-QHR5cGVzL25vZGVeMjAuMTEuMTk=",
      "dependencies": {}
    },
    "node_modules/angular": {
      "version": "17.2.0",
      "resolved": "https://registry.npmjs.org/angular/-/angular-17.2.0.tgz",
      "integrity": "sha512-YW5ndWxhcl4xNy4yLjA=",
      "dependencies": {}
    },
    "node_modules/rxjs": {
      "version": "7.8.1",
      "resolved": "https://registry.npmjs.org/rxjs/-/rxjs-7.8.1.tgz",
      "integrity": "sha512-cnhqc143LjguMQ==",
      "dependencies": {}
    }
  }
}